Microsoft Visual Studio Solution File, Format Version 9.00
# Visual Studio 2005
Project("{FAE04EC0-301F-11D3-BF4B-00C04F79EFBC}") = "UnboundColumnForCommenting", "UnboundColumnForCommenting\UnboundColumnForCommenting.csproj", "{6771E98C-6DEA-4990-B3CC-F1692A6922AB}"
	ProjectSection(WebsiteProperties) = preProject
		Debug.AspNetCompiler.Debug = "True"
		Release.AspNetCompiler.Debug = "False"
	EndProjectSection
EndProject
Global
	GlobalSection(SolutionConfigurationPlatforms) = preSolution
		Debug|Any CPU = Debug|Any CPU
		Release|Any CPU = Release|Any CPU
	EndGlobalSection
	GlobalSection(ProjectConfigurationPlatforms) = postSolution
		{6771E98C-6DEA-4990-B3CC-F1692A6922AB}.Debug|Any CPU.ActiveCfg = Debug|Any CPU
		{6771E98C-6DEA-4990-B3CC-F1692A6922AB}.Debug|Any CPU.Build.0 = Debug|Any CPU
		{6771E98C-6DEA-4990-B3CC-F1692A6922AB}.Release|Any CPU.ActiveCfg = Release|Any CPU
		{6771E98C-6DEA-4990-B3CC-F1692A6922AB}.Release|Any CPU.Build.0 = Release|Any CPU
	EndGlobalSection
	GlobalSection(SolutionProperties) = preSolution
		HideSolutionNode = FALSE
	EndGlobalSection
EndGlobal
